
Microsoft Visual Studio Solution File, Format Version 12.00
# Visual Studio Version 17
Project("{8BC9CEB8-8B4A-11D0-8D11-00A0C91BC942}") = "ALL_BUILD", "ALL_BUILD.vcxproj", "{979243F5-C377-334A-9C47-57406C06C558}"
	ProjectSection(ProjectDependencies) = postProject
		{2C902227-36A6-3D9B-B5C6-F02580DFDA5B} = {2C902227-36A6-3D9B-B5C6-F02580DFDA5B}
		{4B077B52-EB9B-30B3-8FB4-3C71FED565AD} = {4B077B52-EB9B-30B3-8FB4-3C71FED565AD}
	EndProjectSection
EndProject
Project("{8BC9CEB8-8B4A-11D0-8D11-00A0C91BC942}") = "MRP2_Phase3_GUI", "MRP2_Phase3_GUI.vcxproj", "{2C902227-36A6-3D9B-B5C6-F02580DFDA5B}"
	ProjectSection(ProjectDependencies) = postProject
		{4B077B52-EB9B-30B3-8FB4-3C71FED565AD} = {4B077B52-EB9B-30B3-8FB4-3C71FED565AD}
	EndProjectSection
EndProject
Project("{8BC9CEB8-8B4A-11D0-8D11-00A0C91BC942}") = "ZERO_CHECK", "ZERO_CHECK.vcxproj", "{4B077B52-EB9B-30B3-8FB4-3C71FED565AD}"
	ProjectSection(ProjectDependencies) = postProject
	EndProjectSection
EndProject
Global
	GlobalSection(SolutionConfigurationPlatforms) = preSolution
		Debug|x64 = Debug|x64
		Release|x64 = Release|x64
		MinSizeRel|x64 = MinSizeRel|x64
		RelWithDebInfo|x64 = RelWithDebInfo|x64
	EndGlobalSection
	GlobalSection(ProjectConfigurationPlatforms) = postSolution
		{979243F5-C377-334A-9C47-57406C06C558}.Debug|x64.ActiveCfg = Debug|x64
		{979243F5-C377-334A-9C47-57406C06C558}.Release|x64.ActiveCfg = Release|x64
		{979243F5-C377-334A-9C47-57406C06C558}.MinSizeRel|x64.ActiveCfg = MinSizeRel|x64
		{979243F5-C377-334A-9C47-57406C06C558}.RelWithDebInfo|x64.ActiveCfg = RelWithDebInfo|x64
		{2C902227-36A6-3D9B-B5C6-F02580DFDA5B}.Debug|x64.ActiveCfg = Debug|x64
		{2C902227-36A6-3D9B-B5C6-F02580DFDA5B}.Debug|x64.Build.0 = Debug|x64
		{2C902227-36A6-3D9B-B5C6-F02580DFDA5B}.Release|x64.ActiveCfg = Release|x64
		{2C902227-36A6-3D9B-B5C6-F02580DFDA5B}.Release|x64.Build.0 = Release|x64
		{2C902227-36A6-3D9B-B5C6-F02580DFDA5B}.MinSizeRel|x64.ActiveCfg = MinSizeRel|x64
		{2C902227-36A6-3D9B-B5C6-F02580DFDA5B}.MinSizeRel|x64.Build.0 = MinSizeRel|x64
		{2C902227-36A6-3D9B-B5C6-F02580DFDA5B}.RelWithDebInfo|x64.ActiveCfg = RelWithDebInfo|x64
		{2C902227-36A6-3D9B-B5C6-F02580DFDA5B}.RelWithDebInfo|x64.Build.0 = RelWithDebInfo|x64
		{4B077B52-EB9B-30B3-8FB4-3C71FED565AD}.Debug|x64.ActiveCfg = Debug|x64
		{4B077B52-EB9B-30B3-8FB4-3C71FED565AD}.Debug|x64.Build.0 = Debug|x64
		{4B077B52-EB9B-30B3-8FB4-3C71FED565AD}.Release|x64.ActiveCfg = Release|x64
		{4B077B52-EB9B-30B3-8FB4-3C71FED565AD}.Release|x64.Build.0 = Release|x64
		{4B077B52-EB9B-30B3-8FB4-3C71FED565AD}.MinSizeRel|x64.ActiveCfg = MinSizeRel|x64
		{4B077B52-EB9B-30B3-8FB4-3C71FED565AD}.MinSizeRel|x64.Build.0 = MinSizeRel|x64
		{4B077B52-EB9B-30B3-8FB4-3C71FED565AD}.RelWithDebInfo|x64.ActiveCfg = RelWithDebInfo|x64
		{4B077B52-EB9B-30B3-8FB4-3C71FED565AD}.RelWithDebInfo|x64.Build.0 = RelWithDebInfo|x64
	EndGlobalSection
	GlobalSection(ExtensibilityGlobals) = postSolution
		SolutionGuid = {83484662-3736-326B-B7C5-E1047CACB368}
	EndGlobalSection
	GlobalSection(ExtensibilityAddIns) = postSolution
	EndGlobalSection
EndGlobal
