<?xml version="1.0" encoding="utf-8"?>
<Project ToolsVersion="17.0" xmlns="http://schemas.microsoft.com/developer/msbuild/2003">
  <ItemGroup>
    <CustomBuild Include="C:\Users\Jessi\OneDrive\Documents\CSE 687\phase 3 take 2\CSE687_MRP2_Phase3_GUI\build\CMakeFiles\1caaa9e13ed636fc3d54f529332b5016\generate.stamp.rule">
      <Filter>CMake Rules</Filter>
    </CustomBuild>
  </ItemGroup>
  <ItemGroup>
    <Filter Include="CMake Rules">
      <UniqueIdentifier>{1D4827C2-0E57-3F91-8685-08515F0D3583}</UniqueIdentifier>
    </Filter>
  </ItemGroup>
</Project>
